
Microsoft Visual Studio Solution File, Format Version 12.00
# Visual Studio Version 16
VisualStudioVersion = 16.0.30621.155
MinimumVisualStudioVersion = 10.0.40219.1
Project("{FAE04EC0-301F-11D3-BF4B-00C04F79EFBC}") = "server", "server.csproj", "{05FF45D9-3E30-4354-A297-4CBB072C1EBC}"
EndProject
Global
	GlobalSection(SolutionConfigurationPlatforms) = preSolution
		Debug|Any CPU = Debug|Any CPU
		Release|Any CPU = Release|Any CPU
	EndGlobalSection
	GlobalSection(ProjectConfigurationPlatforms) = postSolution
		{05FF45D9-3E30-4354-A297-4CBB072C1EBC}.Debug|Any CPU.ActiveCfg = Debug|Any CPU
		{05FF45D9-3E30-4354-A297-4CBB072C1EBC}.Debug|Any CPU.Build.0 = Debug|Any CPU
		{05FF45D9-3E30-4354-A297-4CBB072C1EBC}.Release|Any CPU.ActiveCfg = Release|Any CPU
		{05FF45D9-3E30-4354-A297-4CBB072C1EBC}.Release|Any CPU.Build.0 = Release|Any CPU
	EndGlobalSection
	GlobalSection(SolutionProperties) = preSolution
		HideSolutionNode = FALSE
	EndGlobalSection
	GlobalSection(ExtensibilityGlobals) = postSolution
		SolutionGuid = {9B434383-F7B6-42A7-8F5E-F68BB5AAFC75}
	EndGlobalSection
EndGlobal
